
Microsoft Visual Studio Solution File, Format Version 12.00
# Visual Studio Version 17
VisualStudioVersion = 17.9.34622.214
MinimumVisualStudioVersion = 10.0.40219.1
Project("{FAE04EC0-301F-11D3-BF4B-00C04F79EFBC}") = "graphics_lab_7", "graphics_lab_7.csproj", "{15B56E31-C955-4DE9-8E62-F7CB5049EF5B}"
EndProject
Global
	GlobalSection(SolutionConfigurationPlatforms) = preSolution
		Debug|Any CPU = Debug|Any CPU
		Release|Any CPU = Release|Any CPU
	EndGlobalSection
	GlobalSection(ProjectConfigurationPlatforms) = postSolution
		{15B56E31-C955-4DE9-8E62-F7CB5049EF5B}.Debug|Any CPU.ActiveCfg = Debug|Any CPU
		{15B56E31-C955-4DE9-8E62-F7CB5049EF5B}.Debug|Any CPU.Build.0 = Debug|Any CPU
		{15B56E31-C955-4DE9-8E62-F7CB5049EF5B}.Release|Any CPU.ActiveCfg = Release|Any CPU
		{15B56E31-C955-4DE9-8E62-F7CB5049EF5B}.Release|Any CPU.Build.0 = Release|Any CPU
	EndGlobalSection
	GlobalSection(SolutionProperties) = preSolution
		HideSolutionNode = FALSE
	EndGlobalSection
	GlobalSection(ExtensibilityGlobals) = postSolution
		SolutionGuid = {864AF9CC-6D31-4FB4-AEC5-84EF3C3A3100}
	EndGlobalSection
EndGlobal
